
Microsoft Visual Studio Solution File, Format Version 12.00
# Visual Studio 15
VisualStudioVersion = 15.0.28307.1209
MinimumVisualStudioVersion = 10.0.40219.1
Project("{F14B399A-7131-4C87-9E4B-1186C45EF12D}") = "FBX_LB_SSRS_FMO_W_Standard Geo", "FBX_LB_SSRS_FMO_W_Standard Geo\FBX_LB_SSRS_FMO_W_Standard Geo.rptproj", "{D9145619-22AB-4FC6-8C49-4D7C1EFF10A2}"
EndProject
Global
	GlobalSection(SolutionConfigurationPlatforms) = preSolution
		Debug|Default = Debug|Default
		DebugLocal|Default = DebugLocal|Default
		Release|Default = Release|Default
	EndGlobalSection
	GlobalSection(ProjectConfigurationPlatforms) = postSolution
		{D9145619-22AB-4FC6-8C49-4D7C1EFF10A2}.Debug|Default.ActiveCfg = Debug
		{D9145619-22AB-4FC6-8C49-4D7C1EFF10A2}.Debug|Default.Build.0 = Debug
		{D9145619-22AB-4FC6-8C49-4D7C1EFF10A2}.Debug|Default.Deploy.0 = Debug
		{D9145619-22AB-4FC6-8C49-4D7C1EFF10A2}.DebugLocal|Default.ActiveCfg = DebugLocal
		{D9145619-22AB-4FC6-8C49-4D7C1EFF10A2}.DebugLocal|Default.Build.0 = DebugLocal
		{D9145619-22AB-4FC6-8C49-4D7C1EFF10A2}.Release|Default.ActiveCfg = Release
		{D9145619-22AB-4FC6-8C49-4D7C1EFF10A2}.Release|Default.Build.0 = Release
		{D9145619-22AB-4FC6-8C49-4D7C1EFF10A2}.Release|Default.Deploy.0 = Release
	EndGlobalSection
	GlobalSection(SolutionProperties) = preSolution
		HideSolutionNode = FALSE
	EndGlobalSection
	GlobalSection(ExtensibilityGlobals) = postSolution
		SolutionGuid = {03D4671D-7F65-4E16-A0C2-BA3072F2992B}
	EndGlobalSection
EndGlobal
